
Microsoft Visual Studio Solution File, Format Version 12.00
# Visual Studio Version 17
VisualStudioVersion = 17.8.34322.80
MinimumVisualStudioVersion = 10.0.40219.1
Project("{FAE04EC0-301F-11D3-BF4B-00C04F79EFBC}") = "Core", "Core\Core.csproj", "{2CDBBD6A-897B-436E-BCA7-B0F3141AA15F}"
EndProject
Global
	GlobalSection(SolutionConfigurationPlatforms) = preSolution
		Debug|Any CPU = Debug|Any CPU
		Release|Any CPU = Release|Any CPU
	EndGlobalSection
	GlobalSection(ProjectConfigurationPlatforms) = postSolution
		{2CDBBD6A-897B-436E-BCA7-B0F3141AA15F}.Debug|Any CPU.ActiveCfg = Debug|Any CPU
		{2CDBBD6A-897B-436E-BCA7-B0F3141AA15F}.Debug|Any CPU.Build.0 = Debug|Any CPU
		{2CDBBD6A-897B-436E-BCA7-B0F3141AA15F}.Release|Any CPU.ActiveCfg = Release|Any CPU
		{2CDBBD6A-897B-436E-BCA7-B0F3141AA15F}.Release|Any CPU.Build.0 = Release|Any CPU
	EndGlobalSection
	GlobalSection(SolutionProperties) = preSolution
		HideSolutionNode = FALSE
	EndGlobalSection
	GlobalSection(ExtensibilityGlobals) = postSolution
		SolutionGuid = {D4D42071-30D3-45C1-BD8B-4512A9D67E14}
	EndGlobalSection
EndGlobal
